
Microsoft Visual Studio Solution File, Format Version 12.00
# Visual Studio Version 16
VisualStudioVersion = 16.0.31205.134
MinimumVisualStudioVersion = 10.0.40219.1
Project("{FAE04EC0-301F-11D3-BF4B-00C04F79EFBC}") = "CopyDirectory", "CopyDirectory\CopyDirectory.csproj", "{5C4842A2-6033-4BD0-96A7-018DFED91B60}"
EndProject
Project("{FAE04EC0-301F-11D3-BF4B-00C04F79EFBC}") = "CopyDirectory.Infrastructure", "CopyDirectory.Infrastructure\CopyDirectory.Infrastructure.csproj", "{7B5DBFD7-78D9-4FBC-B354-9087CD87D1C1}"
EndProject
Project("{FAE04EC0-301F-11D3-BF4B-00C04F79EFBC}") = "CopyDirectory.Core", "CopyDirectory.Core\CopyDirectory.Core.csproj", "{96D718CF-0CEB-456A-B919-8182E7D7BA03}"
EndProject
Project("{FAE04EC0-301F-11D3-BF4B-00C04F79EFBC}") = "CopyDirectory.Test", "CopyDirectory.Test\CopyDirectory.Test.csproj", "{7829FA73-4128-4893-B81F-08D53B8593BE}"
EndProject
Global
	GlobalSection(SolutionConfigurationPlatforms) = preSolution
		Debug|Any CPU = Debug|Any CPU
		Release|Any CPU = Release|Any CPU
	EndGlobalSection
	GlobalSection(ProjectConfigurationPlatforms) = postSolution
		{5C4842A2-6033-4BD0-96A7-018DFED91B60}.Debug|Any CPU.ActiveCfg = Debug|Any CPU
		{5C4842A2-6033-4BD0-96A7-018DFED91B60}.Debug|Any CPU.Build.0 = Debug|Any CPU
		{5C4842A2-6033-4BD0-96A7-018DFED91B60}.Release|Any CPU.ActiveCfg = Release|Any CPU
		{5C4842A2-6033-4BD0-96A7-018DFED91B60}.Release|Any CPU.Build.0 = Release|Any CPU
		{7B5DBFD7-78D9-4FBC-B354-9087CD87D1C1}.Debug|Any CPU.ActiveCfg = Debug|Any CPU
		{7B5DBFD7-78D9-4FBC-B354-9087CD87D1C1}.Debug|Any CPU.Build.0 = Debug|Any CPU
		{7B5DBFD7-78D9-4FBC-B354-9087CD87D1C1}.Release|Any CPU.ActiveCfg = Release|Any CPU
		{7B5DBFD7-78D9-4FBC-B354-9087CD87D1C1}.Release|Any CPU.Build.0 = Release|Any CPU
		{96D718CF-0CEB-456A-B919-8182E7D7BA03}.Debug|Any CPU.ActiveCfg = Debug|Any CPU
		{96D718CF-0CEB-456A-B919-8182E7D7BA03}.Debug|Any CPU.Build.0 = Debug|Any CPU
		{96D718CF-0CEB-456A-B919-8182E7D7BA03}.Release|Any CPU.ActiveCfg = Release|Any CPU
		{96D718CF-0CEB-456A-B919-8182E7D7BA03}.Release|Any CPU.Build.0 = Release|Any CPU
		{7829FA73-4128-4893-B81F-08D53B8593BE}.Debug|Any CPU.ActiveCfg = Debug|Any CPU
		{7829FA73-4128-4893-B81F-08D53B8593BE}.Debug|Any CPU.Build.0 = Debug|Any CPU
		{7829FA73-4128-4893-B81F-08D53B8593BE}.Release|Any CPU.ActiveCfg = Release|Any CPU
		{7829FA73-4128-4893-B81F-08D53B8593BE}.Release|Any CPU.Build.0 = Release|Any CPU
	EndGlobalSection
	GlobalSection(SolutionProperties) = preSolution
		HideSolutionNode = FALSE
	EndGlobalSection
	GlobalSection(ExtensibilityGlobals) = postSolution
		SolutionGuid = {FA61EEBC-5D4C-48BE-8271-C7E251E4A52C}
	EndGlobalSection
EndGlobal
